{
  "name": "simple-agent-plugin-example",
  "version": "1.0.0",
  "lockfileVersion": 3,
  "requires": true,
  "packages": {
    "": {
      "name": "simple-agent-plugin-example",
      "version": "1.0.0",
      "devDependencies": {
        "@fam-tung-lam/ptlam-agent-plugin-compiler": "file:../.."
      }
    },
    "../..": {
      "name": "@fam-tung-lam/ptlam-agent-plugin-compiler",
      "version": "0.1.0",
      "dev": true,
      "license": "MIT",
      "dependencies": {
        "ajv": "8.20.0",
        "mdast-util-from-markdown": "2.0.3",
        "prettier": "3.9.6",
        "string-width": "8.2.1",
        "yaml": "2.9.0"
      },
      "bin": {
        "plugin-compiler": "dist/bin.js"
      },
      "devDependencies": {
        "@biomejs/biome": "2.5.7",
        "@types/mdast": "4.0.4",
        "@types/node": "22.20.1",
        "markdownlint-cli2": "0.23.2",
        "typescript": "7.0.2",
        "vite": "6.4.3",
        "vitest": "4.1.10"
      },
      "engines": {
        "node": ">=22.6.0"
      }
    },
    "node_modules/@fam-tung-lam/ptlam-agent-plugin-compiler": {
      "resolved": "../..",
      "link": true
    }
  }
}
